
Microsoft Visual Studio Solution File, Format Version 12.00
# Visual Studio Version 17
VisualStudioVersion = 17.3.32611.2
MinimumVisualStudioVersion = 10.0.40219.1
Project("{9A19103F-16F7-4668-BE54-9A1E7A4F7556}") = "Modern.CSharp.Templates", "Modern.CSharp.Templates.csproj", "{5190271B-D92D-4EF6-980E-1D4A0AD6E0E4}"
EndProject
Project("{2150E333-8FDC-42A3-9474-1A3956D46DE8}") = "Solution Items", "Solution Items", "{AFB23A3B-687B-47B7-A82A-6FBAEE72CDCF}"
	ProjectSection(SolutionItems) = preProject
		..\Editorconfig.md = ..\Editorconfig.md
		..\README.md = ..\README.md
	EndProjectSection
EndProject
Global
	GlobalSection(SolutionConfigurationPlatforms) = preSolution
		Debug|Any CPU = Debug|Any CPU
		Release|Any CPU = Release|Any CPU
	EndGlobalSection
	GlobalSection(ProjectConfigurationPlatforms) = postSolution
		{5190271B-D92D-4EF6-980E-1D4A0AD6E0E4}.Debug|Any CPU.ActiveCfg = Debug|Any CPU
		{5190271B-D92D-4EF6-980E-1D4A0AD6E0E4}.Debug|Any CPU.Build.0 = Debug|Any CPU
		{5190271B-D92D-4EF6-980E-1D4A0AD6E0E4}.Release|Any CPU.ActiveCfg = Release|Any CPU
		{5190271B-D92D-4EF6-980E-1D4A0AD6E0E4}.Release|Any CPU.Build.0 = Release|Any CPU
	EndGlobalSection
	GlobalSection(SolutionProperties) = preSolution
		HideSolutionNode = FALSE
	EndGlobalSection
	GlobalSection(ExtensibilityGlobals) = postSolution
		SolutionGuid = {0D6EF8AA-5409-47BC-B218-66DE75096005}
	EndGlobalSection
EndGlobal
